
Microsoft Visual Studio Solution File, Format Version 12.00
# Visual Studio Version 17
VisualStudioVersion = 17.1.32421.90
MinimumVisualStudioVersion = 10.0.40219.1
Project("{FAE04EC0-301F-11D3-BF4B-00C04F79EFBC}") = "GraphQLApi", "GraphQLApi\GraphQLApi.csproj", "{AC1BD3EB-6C60-43B2-A2EC-0B5F38D54EC6}"
EndProject
Project("{FAE04EC0-301F-11D3-BF4B-00C04F79EFBC}") = "GraphQLClient", "GraphQLClient\GraphQLClient.csproj", "{A8F1BF07-6A36-40E0-8F12-A2BB8186C4ED}"
EndProject
Global
	GlobalSection(SolutionConfigurationPlatforms) = preSolution
		Debug|Any CPU = Debug|Any CPU
		Release|Any CPU = Release|Any CPU
	EndGlobalSection
	GlobalSection(ProjectConfigurationPlatforms) = postSolution
		{AC1BD3EB-6C60-43B2-A2EC-0B5F38D54EC6}.Debug|Any CPU.ActiveCfg = Debug|Any CPU
		{AC1BD3EB-6C60-43B2-A2EC-0B5F38D54EC6}.Debug|Any CPU.Build.0 = Debug|Any CPU
		{AC1BD3EB-6C60-43B2-A2EC-0B5F38D54EC6}.Release|Any CPU.ActiveCfg = Release|Any CPU
		{AC1BD3EB-6C60-43B2-A2EC-0B5F38D54EC6}.Release|Any CPU.Build.0 = Release|Any CPU
		{A8F1BF07-6A36-40E0-8F12-A2BB8186C4ED}.Debug|Any CPU.ActiveCfg = Debug|Any CPU
		{A8F1BF07-6A36-40E0-8F12-A2BB8186C4ED}.Debug|Any CPU.Build.0 = Debug|Any CPU
		{A8F1BF07-6A36-40E0-8F12-A2BB8186C4ED}.Release|Any CPU.ActiveCfg = Release|Any CPU
		{A8F1BF07-6A36-40E0-8F12-A2BB8186C4ED}.Release|Any CPU.Build.0 = Release|Any CPU
	EndGlobalSection
	GlobalSection(SolutionProperties) = preSolution
		HideSolutionNode = FALSE
	EndGlobalSection
	GlobalSection(ExtensibilityGlobals) = postSolution
		SolutionGuid = {FE3AF197-BC27-464E-B974-3AD292F7F78F}
	EndGlobalSection
EndGlobal
